// !$*UTF8*$!
{
	archiveVersion = 1;
	classes = {
	};
	objectVersion = 55;
	objects = {

/* Begin PBXBuildFile section */
		EE8670262870D6C300BE3C8C /* AppDelegate.swift in Sources */ = {isa = PBXBuildFile; fileRef = EE8670252870D6C300BE3C8C /* AppDelegate.swift */; };
		EE8670282870D6C300BE3C8C /* SceneDelegate.swift in Sources */ = {isa = PBXBuildFile; fileRef = EE8670272870D6C300BE3C8C /* SceneDelegate.swift */; };
		EE86702A2870D6C300BE3C8C /* ViewController.swift in Sources */ = {isa = PBXBuildFile; fileRef = EE8670292870D6C300BE3C8C /* ViewController.swift */; };
		EE86702D2870D6C300BE3C8C /* Main.storyboard in Resources */ = {isa = PBXBuildFile; fileRef = EE86702B2870D6C300BE3C8C /* Main.storyboard */; };
		EE86702F2870D6C400BE3C8C /* Assets.xcassets in Resources */ = {isa = PBXBuildFile; fileRef = EE86702E2870D6C400BE3C8C /* Assets.xcassets */; };
		EE8670322870D6C400BE3C8C /* LaunchScreen.storyboard in Resources */ = {isa = PBXBuildFile; fileRef = EE8670302870D6C400BE3C8C /* LaunchScreen.storyboard */; };
		EE86703D2870D6C400BE3C8C /* UserDefaultTests.swift in Sources */ = {isa = PBXBuildFile; fileRef = EE86703C2870D6C400BE3C8C /* UserDefaultTests.swift */; };
		EE8670472870D6C400BE3C8C /* UserDefaultUITests.swift in Sources */ = {isa = PBXBuildFile; fileRef = EE8670462870D6C400BE3C8C /* UserDefaultUITests.swift */; };
		EE8670492870D6C400BE3C8C /* UserDefaultUITestsLaunchTests.swift in Sources */ = {isa = PBXBuildFile; fileRef = EE8670482870D6C400BE3C8C /* UserDefaultUITestsLaunchTests.swift */; };
		EE8670562870D72600BE3C8C /* Service.swift in Sources */ = {isa = PBXBuildFile; fileRef = EE8670552870D72600BE3C8C /* Service.swift */; };
		EE8670582870D72E00BE3C8C /* ViewModel.swift in Sources */ = {isa = PBXBuildFile; fileRef = EE8670572870D72E00BE3C8C /* ViewModel.swift */; };
/* End PBXBuildFile section */

/* Begin PBXContainerItemProxy section */
		EE8670392870D6C400BE3C8C /* PBXContainerItemProxy */ = {
			isa = PBXContainerItemProxy;
			containerPortal = EE86701A2870D6C300BE3C8C /* Project object */;
			proxyType = 1;
			remoteGlobalIDString = EE8670212870D6C300BE3C8C;
			remoteInfo = UserDefault;
		};
		EE8670432870D6C400BE3C8C /* PBXContainerItemProxy */ = {
			isa = PBXContainerItemProxy;
			containerPortal = EE86701A2870D6C300BE3C8C /* Project object */;
			proxyType = 1;
			remoteGlobalIDString = EE8670212870D6C300BE3C8C;
			remoteInfo = UserDefault;
		};
/* End PBXContainerItemProxy section */

/* Begin PBXFileReference section */
		EE8670222870D6C300BE3C8C /* UserDefault.app */ = {isa = PBXFileReference; explicitFileType = wrapper.application; includeInIndex = 0; path = UserDefault.app; sourceTree = BUILT_PRODUCTS_DIR; };
		EE8670252870D6C300BE3C8C /* AppDelegate.swift */ = {isa = PBXFileReference; lastKnownFileType = sourcecode.swift; path = AppDelegate.swift; sourceTree = "<group>"; };
		EE8670272870D6C300BE3C8C /* SceneDelegate.swift */ = {isa = PBXFileReference; lastKnownFileType = sourcecode.swift; path = SceneDelegate.swift; sourceTree = "<group>"; };
		EE8670292870D6C300BE3C8C /* ViewController.swift */ = {isa = PBXFileReference; lastKnownFileType = sourcecode.swift; path = ViewController.swift; sourceTree = "<group>"; };
		EE86702C2870D6C300BE3C8C /* Base */ = {isa = PBXFileReference; lastKnownFileType = file.storyboard; name = Base; path = Base.lproj/Main.storyboard; sourceTree = "<group>"; };
		EE86702E2870D6C400BE3C8C /* Assets.xcassets */ = {isa = PBXFileReference; lastKnownFileType = folder.assetcatalog; path = Assets.xcassets; sourceTree = "<group>"; };
		EE8670312870D6C400BE3C8C /* Base */ = {isa = PBXFileReference; lastKnownFileType = file.storyboard; name = Base; path = Base.lproj/LaunchScreen.storyboard; sourceTree = "<group>"; };
		EE8670332870D6C400BE3C8C /* Info.plist */ = {isa = PBXFileReference; lastKnownFileType = text.plist.xml; path = Info.plist; sourceTree = "<group>"; };
		EE8670382870D6C400BE3C8C /* UserDefaultTests.xctest */ = {isa = PBXFileReference; explicitFileType = wrapper.cfbundle; includeInIndex = 0; path = UserDefaultTests.xctest; sourceTree = BUILT_PRODUCTS_DIR; };
		EE86703C2870D6C400BE3C8C /* UserDefaultTests.swift */ = {isa = PBXFileReference; lastKnownFileType = sourcecode.swift; path = UserDefaultTests.swift; sourceTree = "<group>"; };
		EE8670422870D6C400BE3C8C /* UserDefaultUITests.xctest */ = {isa = PBXFileReference; explicitFileType = wrapper.cfbundle; includeInIndex = 0; path = UserDefaultUITests.xctest; sourceTree = BUILT_PRODUCTS_DIR; };
		EE8670462870D6C400BE3C8C /* UserDefaultUITests.swift */ = {isa = PBXFileReference; lastKnownFileType = sourcecode.swift; path = UserDefaultUITests.swift; sourceTree = "<group>"; };
		EE8670482870D6C400BE3C8C /* UserDefaultUITestsLaunchTests.swift */ = {isa = PBXFileReference; lastKnownFileType = sourcecode.swift; path = UserDefaultUITestsLaunchTests.swift; sourceTree = "<group>"; };
		EE8670552870D72600BE3C8C /* Service.swift */ = {isa = PBXFileReference; lastKnownFileType = sourcecode.swift; path = Service.swift; sourceTree = "<group>"; };
		EE8670572870D72E00BE3C8C /* ViewModel.swift */ = {isa = PBXFileReference; lastKnownFileType = sourcecode.swift; path = ViewModel.swift; sourceTree = "<group>"; };
/* End PBXFileReference section */

/* Begin PBXFrameworksBuildPhase section */
		EE86701F2870D6C300BE3C8C /* Frameworks */ = {
			isa = PBXFrameworksBuildPhase;
			buildActionMask = 2147483647;
			files = (
			);
			runOnlyForDeploymentPostprocessing = 0;
		};
		EE8670352870D6C400BE3C8C /* Frameworks */ = {
			isa = PBXFrameworksBuildPhase;
			buildActionMask = 2147483647;
			files = (
			);
			runOnlyForDeploymentPostprocessing = 0;
		};
		EE86703F2870D6C400BE3C8C /* Frameworks */ = {
			isa = PBXFrameworksBuildPhase;
			buildActionMask = 2147483647;
			files = (
			);
			runOnlyForDeploymentPostprocessing = 0;
		};
/* End PBXFrameworksBuildPhase section */

/* Begin PBXGroup section */
		EE8670192870D6C300BE3C8C = {
			isa = PBXGroup;
			children = (
				EE8670242870D6C300BE3C8C /* UserDefault */,
				EE86703B2870D6C400BE3C8C /* UserDefaultTests */,
				EE8670452870D6C400BE3C8C /* UserDefaultUITests */,
				EE8670232870D6C300BE3C8C /* Products */,
			);
			sourceTree = "<group>";
		};
		EE8670232870D6C300BE3C8C /* Products */ = {
			isa = PBXGroup;
			children = (
				EE8670222870D6C300BE3C8C /* UserDefault.app */,
				EE8670382870D6C400BE3C8C /* UserDefaultTests.xctest */,
				EE8670422870D6C400BE3C8C /* UserDefaultUITests.xctest */,
			);
			name = Products;
			sourceTree = "<group>";
		};
		EE8670242870D6C300BE3C8C /* UserDefault */ = {
			isa = PBXGroup;
			children = (
				EE8670252870D6C300BE3C8C /* AppDelegate.swift */,
				EE8670272870D6C300BE3C8C /* SceneDelegate.swift */,
				EE8670292870D6C300BE3C8C /* ViewController.swift */,
				EE8670572870D72E00BE3C8C /* ViewModel.swift */,
				EE8670552870D72600BE3C8C /* Service.swift */,
				EE86702B2870D6C300BE3C8C /* Main.storyboard */,
				EE86702E2870D6C400BE3C8C /* Assets.xcassets */,
				EE8670302870D6C400BE3C8C /* LaunchScreen.storyboard */,
				EE8670332870D6C400BE3C8C /* Info.plist */,
			);
			path = UserDefault;
			sourceTree = "<group>";
		};
		EE86703B2870D6C400BE3C8C /* UserDefaultTests */ = {
			isa = PBXGroup;
			children = (
				EE86703C2870D6C400BE3C8C /* UserDefaultTests.swift */,
			);
			path = UserDefaultTests;
			sourceTree = "<group>";
		};
		EE8670452870D6C400BE3C8C /* UserDefaultUITests */ = {
			isa = PBXGroup;
			children = (
				EE8670462870D6C400BE3C8C /* UserDefaultUITests.swift */,
				EE8670482870D6C400BE3C8C /* UserDefaultUITestsLaunchTests.swift */,
			);
			path = UserDefaultUITests;
			sourceTree = "<group>";
		};
/* End PBXGroup section */

/* Begin PBXNativeTarget section */
		EE8670212870D6C300BE3C8C /* UserDefault */ = {
			isa = PBXNativeTarget;
			buildConfigurationList = EE86704C2870D6C400BE3C8C /* Build configuration list for PBXNativeTarget "UserDefault" */;
			buildPhases = (
				EE86701E2870D6C300BE3C8C /* Sources */,
				EE86701F2870D6C300BE3C8C /* Frameworks */,
				EE8670202870D6C300BE3C8C /* Resources */,
			);
			buildRules = (
			);
			dependencies = (
			);
			name = UserDefault;
			productName = UserDefault;
			productReference = EE8670222870D6C300BE3C8C /* UserDefault.app */;
			productType = "com.apple.product-type.application";
		};
		EE8670372870D6C400BE3C8C /* UserDefaultTests */ = {
			isa = PBXNativeTarget;
			buildConfigurationList = EE86704F2870D6C400BE3C8C /* Build configuration list for PBXNativeTarget "UserDefaultTests" */;
			buildPhases = (
				EE8670342870D6C400BE3C8C /* Sources */,
				EE8670352870D6C400BE3C8C /* Frameworks */,
				EE8670362870D6C400BE3C8C /* Resources */,
			);
			buildRules = (
			);
			dependencies = (
				EE86703A2870D6C400BE3C8C /* PBXTargetDependency */,
			);
			name = UserDefaultTests;
			productName = UserDefaultTests;
			productReference = EE8670382870D6C400BE3C8C /* UserDefaultTests.xctest */;
			productType = "com.apple.product-type.bundle.unit-test";
		};
		EE8670412870D6C400BE3C8C /* UserDefaultUITests */ = {
			isa = PBXNativeTarget;
			buildConfigurationList = EE8670522870D6C400BE3C8C /* Build configuration list for PBXNativeTarget "UserDefaultUITests" */;
			buildPhases = (
				EE86703E2870D6C400BE3C8C /* Sources */,
				EE86703F2870D6C400BE3C8C /* Frameworks */,
				EE8670402870D6C400BE3C8C /* Resources */,
			);
			buildRules = (
			);
			dependencies = (
				EE8670442870D6C400BE3C8C /* PBXTargetDependency */,
			);
			name = UserDefaultUITests;
			productName = UserDefaultUITests;
			productReference = EE8670422870D6C400BE3C8C /* UserDefaultUITests.xctest */;
			productType = "com.apple.product-type.bundle.ui-testing";
		};
/* End PBXNativeTarget section */

/* Begin PBXProject section */
		EE86701A2870D6C300BE3C8C /* Project object */ = {
			isa = PBXProject;
			attributes = {
				BuildIndependentTargetsInParallel = 1;
				LastSwiftUpdateCheck = 1330;
				LastUpgradeCheck = 1330;
				TargetAttributes = {
					EE8670212870D6C300BE3C8C = {
						CreatedOnToolsVersion = 13.3.1;
					};
					EE8670372870D6C400BE3C8C = {
						CreatedOnToolsVersion = 13.3.1;
						TestTargetID = EE8670212870D6C300BE3C8C;
					};
					EE8670412870D6C400BE3C8C = {
						CreatedOnToolsVersion = 13.3.1;
						TestTargetID = EE8670212870D6C300BE3C8C;
					};
				};
			};
			buildConfigurationList = EE86701D2870D6C300BE3C8C /* Build configuration list for PBXProject "UserDefault" */;
			compatibilityVersion = "Xcode 13.0";
			developmentRegion = en;
			hasScannedForEncodings = 0;
			knownRegions = (
				en,
				Base,
			);
			mainGroup = EE8670192870D6C300BE3C8C;
			productRefGroup = EE8670232870D6C300BE3C8C /* Products */;
			projectDirPath = "";
			projectRoot = "";
			targets = (
				EE8670212870D6C300BE3C8C /* UserDefault */,
				EE8670372870D6C400BE3C8C /* UserDefaultTests */,
				EE8670412870D6C400BE3C8C /* UserDefaultUITests */,
			);
		};
/* End PBXProject section */

/* Begin PBXResourcesBuildPhase section */
		EE8670202870D6C300BE3C8C /* Resources */ = {
			isa = PBXResourcesBuildPhase;
			buildActionMask = 2147483647;
			files = (
				EE8670322870D6C400BE3C8C /* LaunchScreen.storyboard in Resources */,
				EE86702F2870D6C400BE3C8C /* Assets.xcassets in Resources */,
				EE86702D2870D6C300BE3C8C /* Main.storyboard in Resources */,
			);
			runOnlyForDeploymentPostprocessing = 0;
		};
		EE8670362870D6C400BE3C8C /* Resources */ = {
			isa = PBXResourcesBuildPhase;
			buildActionMask = 2147483647;
			files = (
			);
			runOnlyForDeploymentPostprocessing = 0;
		};
		EE8670402870D6C400BE3C8C /* Resources */ = {
			isa = PBXResourcesBuildPhase;
			buildActionMask = 2147483647;
			files = (
			);
			runOnlyForDeploymentPostprocessing = 0;
		};
/* End PBXResourcesBuildPhase section */

/* Begin PBXSourcesBuildPhase section */
		EE86701E2870D6C300BE3C8C /* Sources */ = {
			isa = PBXSourcesBuildPhase;
			buildActionMask = 2147483647;
			files = (
				EE8670582870D72E00BE3C8C /* ViewModel.swift in Sources */,
				EE86702A2870D6C300BE3C8C /* ViewController.swift in Sources */,
				EE8670562870D72600BE3C8C /* Service.swift in Sources */,
				EE8670262870D6C300BE3C8C /* AppDelegate.swift in Sources */,
				EE8670282870D6C300BE3C8C /* SceneDelegate.swift in Sources */,
			);
			runOnlyForDeploymentPostprocessing = 0;
		};
		EE8670342870D6C400BE3C8C /* Sources */ = {
			isa = PBXSourcesBuildPhase;
			buildActionMask = 2147483647;
			files = (
				EE86703D2870D6C400BE3C8C /* UserDefaultTests.swift in Sources */,
			);
			runOnlyForDeploymentPostprocessing = 0;
		};
		EE86703E2870D6C400BE3C8C /* Sources */ = {
			isa = PBXSourcesBuildPhase;
			buildActionMask = 2147483647;
			files = (
				EE8670472870D6C400BE3C8C /* UserDefaultUITests.swift in Sources */,
				EE8670492870D6C400BE3C8C /* UserDefaultUITestsLaunchTests.swift in Sources */,
			);
			runOnlyForDeploymentPostprocessing = 0;
		};
/* End PBXSourcesBuildPhase section */

/* Begin PBXTargetDependency section */
		EE86703A2870D6C400BE3C8C /* PBXTargetDependency */ = {
			isa = PBXTargetDependency;
			target = EE8670212870D6C300BE3C8C /* UserDefault */;
			targetProxy = EE8670392870D6C400BE3C8C /* PBXContainerItemProxy */;
		};
		EE8670442870D6C400BE3C8C /* PBXTargetDependency */ = {
			isa = PBXTargetDependency;
			target = EE8670212870D6C300BE3C8C /* UserDefault */;
			targetProxy = EE8670432870D6C400BE3C8C /* PBXContainerItemProxy */;
		};
/* End PBXTargetDependency section */

/* Begin PBXVariantGroup section */
		EE86702B2870D6C300BE3C8C /* Main.storyboard */ = {
			isa = PBXVariantGroup;
			children = (
				EE86702C2870D6C300BE3C8C /* Base */,
			);
			name = Main.storyboard;
			sourceTree = "<group>";
		};
		EE8670302870D6C400BE3C8C /* LaunchScreen.storyboard */ = {
			isa = PBXVariantGroup;
			children = (
				EE8670312870D6C400BE3C8C /* Base */,
			);
			name = LaunchScreen.storyboard;
			sourceTree = "<group>";
		};
/* End PBXVariantGroup section */

/* Begin XCBuildConfiguration section */
		EE86704A2870D6C400BE3C8C /* Debug */ = {
			isa = XCBuildConfiguration;
			buildSettings = {
				ALWAYS_SEARCH_USER_PATHS = NO;
				CLANG_ANALYZER_NONNULL = YES;
				CLANG_ANALYZER_NUMBER_OBJECT_CONVERSION = YES_AGGRESSIVE;
				CLANG_CXX_LANGUAGE_STANDARD = "gnu++17";
				CLANG_ENABLE_MODULES = YES;
				CLANG_ENABLE_OBJC_ARC = YES;
				CLANG_ENABLE_OBJC_WEAK = YES;
				CLANG_WARN_BLOCK_CAPTURE_AUTORELEASING = YES;
				CLANG_WARN_BOOL_CONVERSION = YES;
				CLANG_WARN_COMMA = YES;
				CLANG_WARN_CONSTANT_CONVERSION = YES;
				CLANG_WARN_DEPRECATED_OBJC_IMPLEMENTATIONS = YES;
				CLANG_WARN_DIRECT_OBJC_ISA_USAGE = YES_ERROR;
				CLANG_WARN_DOCUMENTATION_COMMENTS = YES;
				CLANG_WARN_EMPTY_BODY = YES;
				CLANG_WARN_ENUM_CONVERSION = YES;
				CLANG_WARN_INFINITE_RECURSION = YES;
				CLANG_WARN_INT_CONVERSION = YES;
				CLANG_WARN_NON_LITERAL_NULL_CONVERSION = YES;
				CLANG_WARN_OBJC_IMPLICIT_RETAIN_SELF = YES;
				CLANG_WARN_OBJC_LITERAL_CONVERSION = YES;
				CLANG_WARN_OBJC_ROOT_CLASS = YES_ERROR;
				CLANG_WARN_QUOTED_INCLUDE_IN_FRAMEWORK_HEADER = YES;
				CLANG_WARN_RANGE_LOOP_ANALYSIS = YES;
				CLANG_WARN_STRICT_PROTOTYPES = YES;
				CLANG_WARN_SUSPICIOUS_MOVE = YES;
				CLANG_WARN_UNGUARDED_AVAILABILITY = YES_AGGRESSIVE;
				CLANG_WARN_UNREACHABLE_CODE = YES;
				CLANG_WARN__DUPLICATE_METHOD_MATCH = YES;
				COPY_PHASE_STRIP = NO;
				DEBUG_INFORMATION_FORMAT = dwarf;
				ENABLE_STRICT_OBJC_MSGSEND = YES;
				ENABLE_TESTABILITY = YES;
				GCC_C_LANGUAGE_STANDARD = gnu11;
				GCC_DYNAMIC_NO_PIC = NO;
				GCC_NO_COMMON_BLOCKS = YES;
				GCC_OPTIMIZATION_LEVEL = 0;
				GCC_PREPROCESSOR_DEFINITIONS = (
					"DEBUG=1",
					"$(inherited)",
				);
				GCC_WARN_64_TO_32_BIT_CONVERSION = YES;
				GCC_WARN_ABOUT_RETURN_TYPE = YES_ERROR;
				GCC_WARN_UNDECLARED_SELECTOR = YES;
				GCC_WARN_UNINITIALIZED_AUTOS = YES_AGGRESSIVE;
				GCC_WARN_UNUSED_FUNCTION = YES;
				GCC_WARN_UNUSED_VARIABLE = YES;
				IPHONEOS_DEPLOYMENT_TARGET = 15.4;
				MTL_ENABLE_DEBUG_INFO = INCLUDE_SOURCE;
				MTL_FAST_MATH = YES;
				ONLY_ACTIVE_ARCH = YES;
				SDKROOT = iphoneos;
				SWIFT_ACTIVE_COMPILATION_CONDITIONS = DEBUG;
				SWIFT_OPTIMIZATION_LEVEL = "-Onone";
			};
			name = Debug;
		};
		EE86704B2870D6C400BE3C8C /* Release */ = {
			isa = XCBuildConfiguration;
			buildSettings = {
				ALWAYS_SEARCH_USER_PATHS = NO;
				CLANG_ANALYZER_NONNULL = YES;
				CLANG_ANALYZER_NUMBER_OBJECT_CONVERSION = YES_AGGRESSIVE;
				CLANG_CXX_LANGUAGE_STANDARD = "gnu++17";
				CLANG_ENABLE_MODULES = YES;
				CLANG_ENABLE_OBJC_ARC = YES;
				CLANG_ENABLE_OBJC_WEAK = YES;
				CLANG_WARN_BLOCK_CAPTURE_AUTORELEASING = YES;
				CLANG_WARN_BOOL_CONVERSION = YES;
				CLANG_WARN_COMMA = YES;
				CLANG_WARN_CONSTANT_CONVERSION = YES;
				CLANG_WARN_DEPRECATED_OBJC_IMPLEMENTATIONS = YES;
				CLANG_WARN_DIRECT_OBJC_ISA_USAGE = YES_ERROR;
				CLANG_WARN_DOCUMENTATION_COMMENTS = YES;
				CLANG_WARN_EMPTY_BODY = YES;
				CLANG_WARN_ENUM_CONVERSION = YES;
				CLANG_WARN_INFINITE_RECURSION = YES;
				CLANG_WARN_INT_CONVERSION = YES;
				CLANG_WARN_NON_LITERAL_NULL_CONVERSION = YES;
				CLANG_WARN_OBJC_IMPLICIT_RETAIN_SELF = YES;
				CLANG_WARN_OBJC_LITERAL_CONVERSION = YES;
				CLANG_WARN_OBJC_ROOT_CLASS = YES_ERROR;
				CLANG_WARN_QUOTED_INCLUDE_IN_FRAMEWORK_HEADER = YES;
				CLANG_WARN_RANGE_LOOP_ANALYSIS = YES;
				CLANG_WARN_STRICT_PROTOTYPES = YES;
				CLANG_WARN_SUSPICIOUS_MOVE = YES;
				CLANG_WARN_UNGUARDED_AVAILABILITY = YES_AGGRESSIVE;
				CLANG_WARN_UNREACHABLE_CODE = YES;
				CLANG_WARN__DUPLICATE_METHOD_MATCH = YES;
				COPY_PHASE_STRIP = NO;
				DEBUG_INFORMATION_FORMAT = "dwarf-with-dsym";
				ENABLE_NS_ASSERTIONS = NO;
				ENABLE_STRICT_OBJC_MSGSEND = YES;
				GCC_C_LANGUAGE_STANDARD = gnu11;
				GCC_NO_COMMON_BLOCKS = YES;
				GCC_WARN_64_TO_32_BIT_CONVERSION = YES;
				GCC_WARN_ABOUT_RETURN_TYPE = YES_ERROR;
				GCC_WARN_UNDECLARED_SELECTOR = YES;
				GCC_WARN_UNINITIALIZED_AUTOS = YES_AGGRESSIVE;
				GCC_WARN_UNUSED_FUNCTION = YES;
				GCC_WARN_UNUSED_VARIABLE = YES;
				IPHONEOS_DEPLOYMENT_TARGET = 15.4;
				MTL_ENABLE_DEBUG_INFO = NO;
				MTL_FAST_MATH = YES;
				SDKROOT = iphoneos;
				SWIFT_COMPILATION_MODE = wholemodule;
				SWIFT_OPTIMIZATION_LEVEL = "-O";
				VALIDATE_PRODUCT = YES;
			};
			name = Release;
		};
		EE86704D2870D6C400BE3C8C /* Debug */ = {
			isa = XCBuildConfiguration;
			buildSettings = {
				ASSETCATALOG_COMPILER_APPICON_NAME = AppIcon;
				ASSETCATALOG_COMPILER_GLOBAL_ACCENT_COLOR_NAME = AccentColor;
				CODE_SIGN_STYLE = Automatic;
				CURRENT_PROJECT_VERSION = 1;
				DEVELOPMENT_TEAM = N34W3XSZ62;
				GENERATE_INFOPLIST_FILE = YES;
				INFOPLIST_FILE = UserDefault/Info.plist;
				INFOPLIST_KEY_UIApplicationSupportsIndirectInputEvents = YES;
				INFOPLIST_KEY_UILaunchStoryboardName = LaunchScreen;
				INFOPLIST_KEY_UIMainStoryboardFile = Main;
				INFOPLIST_KEY_UISupportedInterfaceOrientations_iPad = "UIInterfaceOrientationPortrait UIInterfaceOrientationPortraitUpsideDown UIInterfaceOrientationLandscapeLeft UIInterfaceOrientationLandscapeRight";
				INFOPLIST_KEY_UISupportedInterfaceOrientations_iPhone = "UIInterfaceOrientationPortrait UIInterfaceOrientationLandscapeLeft UIInterfaceOrientationLandscapeRight";
				LD_RUNPATH_SEARCH_PATHS = (
					"$(inherited)",
					"@executable_path/Frameworks",
				);
				MARKETING_VERSION = 1.0;
				PRODUCT_BUNDLE_IDENTIFIER = daniellenogawa.com.UserDefault;
				PRODUCT_NAME = "$(TARGET_NAME)";
				SWIFT_EMIT_LOC_STRINGS = YES;
				SWIFT_VERSION = 5.0;
				TARGETED_DEVICE_FAMILY = "1,2";
			};
			name = Debug;
		};
		EE86704E2870D6C400BE3C8C /* Release */ = {
			isa = XCBuildConfiguration;
			buildSettings = {
				ASSETCATALOG_COMPILER_APPICON_NAME = AppIcon;
				ASSETCATALOG_COMPILER_GLOBAL_ACCENT_COLOR_NAME = AccentColor;
				CODE_SIGN_STYLE = Automatic;
				CURRENT_PROJECT_VERSION = 1;
				DEVELOPMENT_TEAM = N34W3XSZ62;
				GENERATE_INFOPLIST_FILE = YES;
				INFOPLIST_FILE = UserDefault/Info.plist;
				INFOPLIST_KEY_UIApplicationSupportsIndirectInputEvents = YES;
				INFOPLIST_KEY_UILaunchStoryboardName = LaunchScreen;
				INFOPLIST_KEY_UIMainStoryboardFile = Main;
				INFOPLIST_KEY_UISupportedInterfaceOrientations_iPad = "UIInterfaceOrientationPortrait UIInterfaceOrientationPortraitUpsideDown UIInterfaceOrientationLandscapeLeft UIInterfaceOrientationLandscapeRight";
				INFOPLIST_KEY_UISupportedInterfaceOrientations_iPhone = "UIInterfaceOrientationPortrait UIInterfaceOrientationLandscapeLeft UIInterfaceOrientationLandscapeRight";
				LD_RUNPATH_SEARCH_PATHS = (
					"$(inherited)",
					"@executable_path/Frameworks",
				);
				MARKETING_VERSION = 1.0;
				PRODUCT_BUNDLE_IDENTIFIER = daniellenogawa.com.UserDefault;
				PRODUCT_NAME = "$(TARGET_NAME)";
				SWIFT_EMIT_LOC_STRINGS = YES;
				SWIFT_VERSION = 5.0;
				TARGETED_DEVICE_FAMILY = "1,2";
			};
			name = Release;
		};
		EE8670502870D6C400BE3C8C /* Debug */ = {
			isa = XCBuildConfiguration;
			buildSettings = {
				ALWAYS_EMBED_SWIFT_STANDARD_LIBRARIES = YES;
				BUNDLE_LOADER = "$(TEST_HOST)";
				CODE_SIGN_STYLE = Automatic;
				CURRENT_PROJECT_VERSION = 1;
				DEVELOPMENT_TEAM = N34W3XSZ62;
				GENERATE_INFOPLIST_FILE = YES;
				IPHONEOS_DEPLOYMENT_TARGET = 15.4;
				MARKETING_VERSION = 1.0;
				PRODUCT_BUNDLE_IDENTIFIER = daniellenogawa.com.UserDefaultTests;
				PRODUCT_NAME = "$(TARGET_NAME)";
				SWIFT_EMIT_LOC_STRINGS = NO;
				SWIFT_VERSION = 5.0;
				TARGETED_DEVICE_FAMILY = "1,2";
				TEST_HOST = "$(BUILT_PRODUCTS_DIR)/UserDefault.app/UserDefault";
			};
			name = Debug;
		};
		EE8670512870D6C400BE3C8C /* Release */ = {
			isa = XCBuildConfiguration;
			buildSettings = {
				ALWAYS_EMBED_SWIFT_STANDARD_LIBRARIES = YES;
				BUNDLE_LOADER = "$(TEST_HOST)";
				CODE_SIGN_STYLE = Automatic;
				CURRENT_PROJECT_VERSION = 1;
				DEVELOPMENT_TEAM = N34W3XSZ62;
				GENERATE_INFOPLIST_FILE = YES;
				IPHONEOS_DEPLOYMENT_TARGET = 15.4;
				MARKETING_VERSION = 1.0;
				PRODUCT_BUNDLE_IDENTIFIER = daniellenogawa.com.UserDefaultTests;
				PRODUCT_NAME = "$(TARGET_NAME)";
				SWIFT_EMIT_LOC_STRINGS = NO;
				SWIFT_VERSION = 5.0;
				TARGETED_DEVICE_FAMILY = "1,2";
				TEST_HOST = "$(BUILT_PRODUCTS_DIR)/UserDefault.app/UserDefault";
			};
			name = Release;
		};
		EE8670532870D6C400BE3C8C /* Debug */ = {
			isa = XCBuildConfiguration;
			buildSettings = {
				ALWAYS_EMBED_SWIFT_STANDARD_LIBRARIES = YES;
				CODE_SIGN_STYLE = Automatic;
				CURRENT_PROJECT_VERSION = 1;
				DEVELOPMENT_TEAM = N34W3XSZ62;
				GENERATE_INFOPLIST_FILE = YES;
				MARKETING_VERSION = 1.0;
				PRODUCT_BUNDLE_IDENTIFIER = daniellenogawa.com.UserDefaultUITests;
				PRODUCT_NAME = "$(TARGET_NAME)";
				SWIFT_EMIT_LOC_STRINGS = NO;
				SWIFT_VERSION = 5.0;
				TARGETED_DEVICE_FAMILY = "1,2";
				TEST_TARGET_NAME = UserDefault;
			};
			name = Debug;
		};
		EE8670542870D6C400BE3C8C /* Release */ = {
			isa = XCBuildConfiguration;
			buildSettings = {
				ALWAYS_EMBED_SWIFT_STANDARD_LIBRARIES = YES;
				CODE_SIGN_STYLE = Automatic;
				CURRENT_PROJECT_VERSION = 1;
				DEVELOPMENT_TEAM = N34W3XSZ62;
				GENERATE_INFOPLIST_FILE = YES;
				MARKETING_VERSION = 1.0;
				PRODUCT_BUNDLE_IDENTIFIER = daniellenogawa.com.UserDefaultUITests;
				PRODUCT_NAME = "$(TARGET_NAME)";
				SWIFT_EMIT_LOC_STRINGS = NO;
				SWIFT_VERSION = 5.0;
				TARGETED_DEVICE_FAMILY = "1,2";
				TEST_TARGET_NAME = UserDefault;
			};
			name = Release;
		};
/* End XCBuildConfiguration section */

/* Begin XCConfigurationList section */
		EE86701D2870D6C300BE3C8C /* Build configuration list for PBXProject "UserDefault" */ = {
			isa = XCConfigurationList;
			buildConfigurations = (
				EE86704A2870D6C400BE3C8C /* Debug */,
				EE86704B2870D6C400BE3C8C /* Release */,
			);
			defaultConfigurationIsVisible = 0;
			defaultConfigurationName = Release;
		};
		EE86704C2870D6C400BE3C8C /* Build configuration list for PBXNativeTarget "UserDefault" */ = {
			isa = XCConfigurationList;
			buildConfigurations = (
				EE86704D2870D6C400BE3C8C /* Debug */,
				EE86704E2870D6C400BE3C8C /* Release */,
			);
			defaultConfigurationIsVisible = 0;
			defaultConfigurationName = Release;
		};
		EE86704F2870D6C400BE3C8C /* Build configuration list for PBXNativeTarget "UserDefaultTests" */ = {
			isa = XCConfigurationList;
			buildConfigurations = (
				EE8670502870D6C400BE3C8C /* Debug */,
				EE8670512870D6C400BE3C8C /* Release */,
			);
			defaultConfigurationIsVisible = 0;
			defaultConfigurationName = Release;
		};
		EE8670522870D6C400BE3C8C /* Build configuration list for PBXNativeTarget "UserDefaultUITests" */ = {
			isa = XCConfigurationList;
			buildConfigurations = (
				EE8670532870D6C400BE3C8C /* Debug */,
				EE8670542870D6C400BE3C8C /* Release */,
			);
			defaultConfigurationIsVisible = 0;
			defaultConfigurationName = Release;
		};
/* End XCConfigurationList section */
	};
	rootObject = EE86701A2870D6C300BE3C8C /* Project object */;
}
